
Microsoft Visual Studio Solution File, Format Version 12.00
# Visual Studio Version 16
VisualStudioVersion = 16.0.32228.343
MinimumVisualStudioVersion = 10.0.40219.1
Project("{FAE04EC0-301F-11D3-BF4B-00C04F79EFBC}") = "DunjinzAnDizeRollz", "DunjinzAnDizeRollz\DunjinzAnDizeRollz.csproj", "{742AE5A2-6850-4D49-85B7-07B5567592E8}"
EndProject
Global
	GlobalSection(SolutionConfigurationPlatforms) = preSolution
		Debug|Any CPU = Debug|Any CPU
		Release|Any CPU = Release|Any CPU
	EndGlobalSection
	GlobalSection(ProjectConfigurationPlatforms) = postSolution
		{742AE5A2-6850-4D49-85B7-07B5567592E8}.Debug|Any CPU.ActiveCfg = Debug|Any CPU
		{742AE5A2-6850-4D49-85B7-07B5567592E8}.Debug|Any CPU.Build.0 = Debug|Any CPU
		{742AE5A2-6850-4D49-85B7-07B5567592E8}.Release|Any CPU.ActiveCfg = Release|Any CPU
		{742AE5A2-6850-4D49-85B7-07B5567592E8}.Release|Any CPU.Build.0 = Release|Any CPU
	EndGlobalSection
	GlobalSection(SolutionProperties) = preSolution
		HideSolutionNode = FALSE
	EndGlobalSection
	GlobalSection(ExtensibilityGlobals) = postSolution
		SolutionGuid = {AF677D6F-51E1-491A-8BAF-7EE0CBE79210}
	EndGlobalSection
EndGlobal
